
Microsoft Visual Studio Solution File, Format Version 12.00
# Visual Studio 15
VisualStudioVersion = 15.0.26730.16
MinimumVisualStudioVersion = 10.0.40219.1
Project("{FAE04EC0-301F-11D3-BF4B-00C04F79EFBC}") = "Streams", "Streams\Streams.csproj", "{878F71C4-E794-4D28-97A8-C81ED642A148}"
EndProject
Global
	GlobalSection(SolutionConfigurationPlatforms) = preSolution
		Debug|Any CPU = Debug|Any CPU
		Release|Any CPU = Release|Any CPU
	EndGlobalSection
	GlobalSection(ProjectConfigurationPlatforms) = postSolution
		{878F71C4-E794-4D28-97A8-C81ED642A148}.Debug|Any CPU.ActiveCfg = Debug|Any CPU
		{878F71C4-E794-4D28-97A8-C81ED642A148}.Debug|Any CPU.Build.0 = Debug|Any CPU
		{878F71C4-E794-4D28-97A8-C81ED642A148}.Release|Any CPU.ActiveCfg = Release|Any CPU
		{878F71C4-E794-4D28-97A8-C81ED642A148}.Release|Any CPU.Build.0 = Release|Any CPU
	EndGlobalSection
	GlobalSection(SolutionProperties) = preSolution
		HideSolutionNode = FALSE
	EndGlobalSection
	GlobalSection(ExtensibilityGlobals) = postSolution
		SolutionGuid = {18FD7BD8-D50F-4C54-B37C-6437E401A7BA}
	EndGlobalSection
EndGlobal
